{
  "object": {
    "pins": [
      {
        "package": "Swexy",
        "repositoryURL": "https://github.com/EricRabil/Swexy",
        "state": {
          "branch": null,
          "revision": "e8f656e5f1d1cad30f99b259d4d50e1e05c8a9f8",
          "version": "1.0.4"
        }
      }
    ]
  },
  "version": 1
}
